
Microsoft Visual Studio Solution File, Format Version 12.00
# Visual Studio 2012
Project("{FAE04EC0-301F-11D3-BF4B-00C04F79EFBC}") = "GDI_1", "GDI_1\GDI_1.csproj", "{50C431C3-7864-4BE0-B679-B2B41BCD66CD}"
EndProject
Global
	GlobalSection(SolutionConfigurationPlatforms) = preSolution
		Debug|Any CPU = Debug|Any CPU
		Release|Any CPU = Release|Any CPU
	EndGlobalSection
	GlobalSection(ProjectConfigurationPlatforms) = postSolution
		{50C431C3-7864-4BE0-B679-B2B41BCD66CD}.Debug|Any CPU.ActiveCfg = Debug|Any CPU
		{50C431C3-7864-4BE0-B679-B2B41BCD66CD}.Debug|Any CPU.Build.0 = Debug|Any CPU
		{50C431C3-7864-4BE0-B679-B2B41BCD66CD}.Release|Any CPU.ActiveCfg = Release|Any CPU
		{50C431C3-7864-4BE0-B679-B2B41BCD66CD}.Release|Any CPU.Build.0 = Release|Any CPU
	EndGlobalSection
	GlobalSection(SolutionProperties) = preSolution
		HideSolutionNode = FALSE
	EndGlobalSection
EndGlobal
