
Microsoft Visual Studio Solution File, Format Version 11.00
# Visual C++ Express 2010
Project("{8BC9CEB8-8B4A-11D0-8D11-00A0C91BC942}") = "strilyalka", "strilyalka.vcxproj", "{BEB7CF95-4CCF-4ACC-A4D6-5B67833DE17F}"
EndProject
Global
	GlobalSection(SolutionConfigurationPlatforms) = preSolution
		Debug|Win32 = Debug|Win32
		Release|Win32 = Release|Win32
	EndGlobalSection
	GlobalSection(ProjectConfigurationPlatforms) = postSolution
		{BEB7CF95-4CCF-4ACC-A4D6-5B67833DE17F}.Debug|Win32.ActiveCfg = Debug|Win32
		{BEB7CF95-4CCF-4ACC-A4D6-5B67833DE17F}.Debug|Win32.Build.0 = Debug|Win32
		{BEB7CF95-4CCF-4ACC-A4D6-5B67833DE17F}.Release|Win32.ActiveCfg = Release|Win32
		{BEB7CF95-4CCF-4ACC-A4D6-5B67833DE17F}.Release|Win32.Build.0 = Release|Win32
	EndGlobalSection
	GlobalSection(SolutionProperties) = preSolution
		HideSolutionNode = FALSE
	EndGlobalSection
EndGlobal
