
Microsoft Visual Studio Solution File, Format Version 12.00
# Visual Studio 2012
Project("{FAE04EC0-301F-11D3-BF4B-00C04F79EFBC}") = "lesson_", "lesson_\lesson_.csproj", "{C3EBDB61-E960-4A52-A4A8-9FA1CF7043FA}"
EndProject
Project("{FAE04EC0-301F-11D3-BF4B-00C04F79EFBC}") = "ui_API_VK", "ui_API_VK\ui_API_VK.csproj", "{13A8B954-DC97-418A-BCA3-2883CC921D94}"
EndProject
Global
	GlobalSection(SolutionConfigurationPlatforms) = preSolution
		Debug|Any CPU = Debug|Any CPU
		Release|Any CPU = Release|Any CPU
	EndGlobalSection
	GlobalSection(ProjectConfigurationPlatforms) = postSolution
		{C3EBDB61-E960-4A52-A4A8-9FA1CF7043FA}.Debug|Any CPU.ActiveCfg = Debug|Any CPU
		{C3EBDB61-E960-4A52-A4A8-9FA1CF7043FA}.Debug|Any CPU.Build.0 = Debug|Any CPU
		{C3EBDB61-E960-4A52-A4A8-9FA1CF7043FA}.Release|Any CPU.ActiveCfg = Release|Any CPU
		{C3EBDB61-E960-4A52-A4A8-9FA1CF7043FA}.Release|Any CPU.Build.0 = Release|Any CPU
		{13A8B954-DC97-418A-BCA3-2883CC921D94}.Debug|Any CPU.ActiveCfg = Debug|Any CPU
		{13A8B954-DC97-418A-BCA3-2883CC921D94}.Debug|Any CPU.Build.0 = Debug|Any CPU
		{13A8B954-DC97-418A-BCA3-2883CC921D94}.Release|Any CPU.ActiveCfg = Release|Any CPU
		{13A8B954-DC97-418A-BCA3-2883CC921D94}.Release|Any CPU.Build.0 = Release|Any CPU
	EndGlobalSection
	GlobalSection(SolutionProperties) = preSolution
		HideSolutionNode = FALSE
	EndGlobalSection
EndGlobal
