
Microsoft Visual Studio Solution File, Format Version 10.00
# Visual Studio 2008
Project("{FAE04EC0-301F-11D3-BF4B-00C04F79EFBC}") = "listviewsort", "listviewsort.csproj", "{7CB7A8D7-3C14-4D1D-9FAA-80DFB5523B85}"
EndProject
Global
	GlobalSection(SolutionConfigurationPlatforms) = preSolution
		Debug|Any CPU = Debug|Any CPU
		Release|Any CPU = Release|Any CPU
	EndGlobalSection
	GlobalSection(ProjectConfigurationPlatforms) = postSolution
		{7CB7A8D7-3C14-4D1D-9FAA-80DFB5523B85}.Debug|Any CPU.ActiveCfg = Debug|Any CPU
		{7CB7A8D7-3C14-4D1D-9FAA-80DFB5523B85}.Debug|Any CPU.Build.0 = Debug|Any CPU
		{7CB7A8D7-3C14-4D1D-9FAA-80DFB5523B85}.Release|Any CPU.ActiveCfg = Release|Any CPU
		{7CB7A8D7-3C14-4D1D-9FAA-80DFB5523B85}.Release|Any CPU.Build.0 = Release|Any CPU
	EndGlobalSection
	GlobalSection(SolutionProperties) = preSolution
		HideSolutionNode = FALSE
	EndGlobalSection
EndGlobal
