
Microsoft Visual Studio Solution File, Format Version 12.00
# Visual Studio 2012
Project("{FAE04EC0-301F-11D3-BF4B-00C04F79EFBC}") = "duplex", "duplex\duplex.csproj", "{89408D6E-36C4-49BF-AC31-1F15E4EA3417}"
EndProject
Project("{FAE04EC0-301F-11D3-BF4B-00C04F79EFBC}") = "Client", "Client\Client.csproj", "{8F27C4B3-4DBF-4E47-A2CB-53214F644BE2}"
EndProject
Global
	GlobalSection(SolutionConfigurationPlatforms) = preSolution
		Debug|Any CPU = Debug|Any CPU
		Release|Any CPU = Release|Any CPU
	EndGlobalSection
	GlobalSection(ProjectConfigurationPlatforms) = postSolution
		{89408D6E-36C4-49BF-AC31-1F15E4EA3417}.Debug|Any CPU.ActiveCfg = Debug|Any CPU
		{89408D6E-36C4-49BF-AC31-1F15E4EA3417}.Debug|Any CPU.Build.0 = Debug|Any CPU
		{89408D6E-36C4-49BF-AC31-1F15E4EA3417}.Release|Any CPU.ActiveCfg = Release|Any CPU
		{89408D6E-36C4-49BF-AC31-1F15E4EA3417}.Release|Any CPU.Build.0 = Release|Any CPU
		{8F27C4B3-4DBF-4E47-A2CB-53214F644BE2}.Debug|Any CPU.ActiveCfg = Debug|Any CPU
		{8F27C4B3-4DBF-4E47-A2CB-53214F644BE2}.Debug|Any CPU.Build.0 = Debug|Any CPU
		{8F27C4B3-4DBF-4E47-A2CB-53214F644BE2}.Release|Any CPU.ActiveCfg = Release|Any CPU
		{8F27C4B3-4DBF-4E47-A2CB-53214F644BE2}.Release|Any CPU.Build.0 = Release|Any CPU
	EndGlobalSection
	GlobalSection(SolutionProperties) = preSolution
		HideSolutionNode = FALSE
	EndGlobalSection
EndGlobal
