
Microsoft Visual Studio Solution File, Format Version 12.00
# Visual Studio 2012
Project("{FAE04EC0-301F-11D3-BF4B-00C04F79EFBC}") = "WF_Lists", "WF_Lists\WF_Lists.csproj", "{ECA5DF3B-B07A-4A1D-BB85-45C60DCE5DFD}"
EndProject
Global
	GlobalSection(SolutionConfigurationPlatforms) = preSolution
		Debug|Any CPU = Debug|Any CPU
		Release|Any CPU = Release|Any CPU
	EndGlobalSection
	GlobalSection(ProjectConfigurationPlatforms) = postSolution
		{ECA5DF3B-B07A-4A1D-BB85-45C60DCE5DFD}.Debug|Any CPU.ActiveCfg = Debug|Any CPU
		{ECA5DF3B-B07A-4A1D-BB85-45C60DCE5DFD}.Debug|Any CPU.Build.0 = Debug|Any CPU
		{ECA5DF3B-B07A-4A1D-BB85-45C60DCE5DFD}.Release|Any CPU.ActiveCfg = Release|Any CPU
		{ECA5DF3B-B07A-4A1D-BB85-45C60DCE5DFD}.Release|Any CPU.Build.0 = Release|Any CPU
	EndGlobalSection
	GlobalSection(SolutionProperties) = preSolution
		HideSolutionNode = FALSE
	EndGlobalSection
EndGlobal
