
Microsoft Visual Studio Solution File, Format Version 12.00
# Visual Studio 2012
Project("{FAE04EC0-301F-11D3-BF4B-00C04F79EFBC}") = "StoredProceduresDemo", "StoredProceduresDemo\StoredProceduresDemo.csproj", "{A618588B-0583-4B7B-B51D-4B64F8E5E135}"
EndProject
Project("{FAE04EC0-301F-11D3-BF4B-00C04F79EFBC}") = "EntitySplitDemo", "EntitySplitDemo\EntitySplitDemo.csproj", "{55E008EC-9EC9-480D-8D1D-BA227D38902C}"
EndProject
Global
	GlobalSection(SolutionConfigurationPlatforms) = preSolution
		Debug|Any CPU = Debug|Any CPU
		Release|Any CPU = Release|Any CPU
	EndGlobalSection
	GlobalSection(ProjectConfigurationPlatforms) = postSolution
		{A618588B-0583-4B7B-B51D-4B64F8E5E135}.Debug|Any CPU.ActiveCfg = Debug|Any CPU
		{A618588B-0583-4B7B-B51D-4B64F8E5E135}.Debug|Any CPU.Build.0 = Debug|Any CPU
		{A618588B-0583-4B7B-B51D-4B64F8E5E135}.Release|Any CPU.ActiveCfg = Release|Any CPU
		{A618588B-0583-4B7B-B51D-4B64F8E5E135}.Release|Any CPU.Build.0 = Release|Any CPU
		{55E008EC-9EC9-480D-8D1D-BA227D38902C}.Debug|Any CPU.ActiveCfg = Debug|Any CPU
		{55E008EC-9EC9-480D-8D1D-BA227D38902C}.Debug|Any CPU.Build.0 = Debug|Any CPU
		{55E008EC-9EC9-480D-8D1D-BA227D38902C}.Release|Any CPU.ActiveCfg = Release|Any CPU
		{55E008EC-9EC9-480D-8D1D-BA227D38902C}.Release|Any CPU.Build.0 = Release|Any CPU
	EndGlobalSection
	GlobalSection(SolutionProperties) = preSolution
		HideSolutionNode = FALSE
	EndGlobalSection
EndGlobal
