
Microsoft Visual Studio Solution File, Format Version 10.00
# Visual Studio 2008
Project("{FAE04EC0-301F-11D3-BF4B-00C04F79EFBC}") = "DinamicExpressionTree", "DinamicExpressionTree\DinamicExpressionTree.csproj", "{47B73498-0533-4034-9857-D81DB9296C4E}"
EndProject
Global
	GlobalSection(SolutionConfigurationPlatforms) = preSolution
		Debug|Any CPU = Debug|Any CPU
		Release|Any CPU = Release|Any CPU
	EndGlobalSection
	GlobalSection(ProjectConfigurationPlatforms) = postSolution
		{47B73498-0533-4034-9857-D81DB9296C4E}.Debug|Any CPU.ActiveCfg = Debug|Any CPU
		{47B73498-0533-4034-9857-D81DB9296C4E}.Debug|Any CPU.Build.0 = Debug|Any CPU
		{47B73498-0533-4034-9857-D81DB9296C4E}.Release|Any CPU.ActiveCfg = Release|Any CPU
		{47B73498-0533-4034-9857-D81DB9296C4E}.Release|Any CPU.Build.0 = Release|Any CPU
	EndGlobalSection
	GlobalSection(SolutionProperties) = preSolution
		HideSolutionNode = FALSE
	EndGlobalSection
EndGlobal
