
Microsoft Visual Studio Solution File, Format Version 12.00
# Visual Studio 2012
Project("{FAE04EC0-301F-11D3-BF4B-00C04F79EFBC}") = "Authorization_mod", "Authorization_mod\Authorization_mod.csproj", "{3572C898-2738-4090-8D13-3A7F9CC7E674}"
EndProject
Project("{FAE04EC0-301F-11D3-BF4B-00C04F79EFBC}") = "UICLient", "UICLient\UICLient.csproj", "{BBBF3DFC-9635-4652-8D65-7B517D1DB202}"
EndProject
Global
	GlobalSection(SolutionConfigurationPlatforms) = preSolution
		Debug|Any CPU = Debug|Any CPU
		Release|Any CPU = Release|Any CPU
	EndGlobalSection
	GlobalSection(ProjectConfigurationPlatforms) = postSolution
		{3572C898-2738-4090-8D13-3A7F9CC7E674}.Debug|Any CPU.ActiveCfg = Debug|Any CPU
		{3572C898-2738-4090-8D13-3A7F9CC7E674}.Debug|Any CPU.Build.0 = Debug|Any CPU
		{3572C898-2738-4090-8D13-3A7F9CC7E674}.Release|Any CPU.ActiveCfg = Release|Any CPU
		{3572C898-2738-4090-8D13-3A7F9CC7E674}.Release|Any CPU.Build.0 = Release|Any CPU
		{BBBF3DFC-9635-4652-8D65-7B517D1DB202}.Debug|Any CPU.ActiveCfg = Debug|Any CPU
		{BBBF3DFC-9635-4652-8D65-7B517D1DB202}.Debug|Any CPU.Build.0 = Debug|Any CPU
		{BBBF3DFC-9635-4652-8D65-7B517D1DB202}.Release|Any CPU.ActiveCfg = Release|Any CPU
		{BBBF3DFC-9635-4652-8D65-7B517D1DB202}.Release|Any CPU.Build.0 = Release|Any CPU
	EndGlobalSection
	GlobalSection(SolutionProperties) = preSolution
		HideSolutionNode = FALSE
	EndGlobalSection
EndGlobal
