
Microsoft Visual Studio Solution File, Format Version 12.00
# Visual Studio 2012
Project("{FAE04EC0-301F-11D3-BF4B-00C04F79EFBC}") = "GDI_3", "GDI_3\GDI_3.csproj", "{D1145ED9-5F82-41AD-8769-0AE6C43DA64F}"
EndProject
Global
	GlobalSection(SolutionConfigurationPlatforms) = preSolution
		Debug|Any CPU = Debug|Any CPU
		Release|Any CPU = Release|Any CPU
	EndGlobalSection
	GlobalSection(ProjectConfigurationPlatforms) = postSolution
		{D1145ED9-5F82-41AD-8769-0AE6C43DA64F}.Debug|Any CPU.ActiveCfg = Debug|Any CPU
		{D1145ED9-5F82-41AD-8769-0AE6C43DA64F}.Debug|Any CPU.Build.0 = Debug|Any CPU
		{D1145ED9-5F82-41AD-8769-0AE6C43DA64F}.Release|Any CPU.ActiveCfg = Release|Any CPU
		{D1145ED9-5F82-41AD-8769-0AE6C43DA64F}.Release|Any CPU.Build.0 = Release|Any CPU
	EndGlobalSection
	GlobalSection(SolutionProperties) = preSolution
		HideSolutionNode = FALSE
	EndGlobalSection
EndGlobal
