
Microsoft Visual Studio Solution File, Format Version 12.00
# Visual Studio 2012
Project("{FAE04EC0-301F-11D3-BF4B-00C04F79EFBC}") = "WF_Child", "WF_Child\WF_Child.csproj", "{5A22BA7F-3684-47F2-BEFC-B8674BA58C0D}"
EndProject
Project("{FAE04EC0-301F-11D3-BF4B-00C04F79EFBC}") = "WF_ChildToParent", "WF_ChildToParent\WF_ChildToParent.csproj", "{E09331B7-ED48-4486-9CAC-3920EF155ABF}"
EndProject
Global
	GlobalSection(SolutionConfigurationPlatforms) = preSolution
		Debug|Any CPU = Debug|Any CPU
		Release|Any CPU = Release|Any CPU
	EndGlobalSection
	GlobalSection(ProjectConfigurationPlatforms) = postSolution
		{5A22BA7F-3684-47F2-BEFC-B8674BA58C0D}.Debug|Any CPU.ActiveCfg = Debug|Any CPU
		{5A22BA7F-3684-47F2-BEFC-B8674BA58C0D}.Debug|Any CPU.Build.0 = Debug|Any CPU
		{5A22BA7F-3684-47F2-BEFC-B8674BA58C0D}.Release|Any CPU.ActiveCfg = Release|Any CPU
		{5A22BA7F-3684-47F2-BEFC-B8674BA58C0D}.Release|Any CPU.Build.0 = Release|Any CPU
		{E09331B7-ED48-4486-9CAC-3920EF155ABF}.Debug|Any CPU.ActiveCfg = Debug|Any CPU
		{E09331B7-ED48-4486-9CAC-3920EF155ABF}.Debug|Any CPU.Build.0 = Debug|Any CPU
		{E09331B7-ED48-4486-9CAC-3920EF155ABF}.Release|Any CPU.ActiveCfg = Release|Any CPU
		{E09331B7-ED48-4486-9CAC-3920EF155ABF}.Release|Any CPU.Build.0 = Release|Any CPU
	EndGlobalSection
	GlobalSection(SolutionProperties) = preSolution
		HideSolutionNode = FALSE
	EndGlobalSection
EndGlobal
