
Microsoft Visual Studio Solution File, Format Version 12.00
# Visual Studio 2012
Project("{FAE04EC0-301F-11D3-BF4B-00C04F79EFBC}") = "MyDiskInfo", "MyDiskInfo\MyDiskInfo.csproj", "{6D35F0E3-7A57-4796-B38D-4F1DADF70430}"
EndProject
Project("{FAE04EC0-301F-11D3-BF4B-00C04F79EFBC}") = "Client_Factory", "Client_Factory\Client_Factory.csproj", "{A3D60D5D-6C72-43F6-A9AF-5B19999229D2}"
EndProject
Project("{FAE04EC0-301F-11D3-BF4B-00C04F79EFBC}") = "Client_Proxy", "Client_Proxy\Client_Proxy.csproj", "{AA44EA37-20DD-49FD-A065-6815D963B593}"
EndProject
Global
	GlobalSection(SolutionConfigurationPlatforms) = preSolution
		Debug|Any CPU = Debug|Any CPU
		Release|Any CPU = Release|Any CPU
	EndGlobalSection
	GlobalSection(ProjectConfigurationPlatforms) = postSolution
		{6D35F0E3-7A57-4796-B38D-4F1DADF70430}.Debug|Any CPU.ActiveCfg = Debug|Any CPU
		{6D35F0E3-7A57-4796-B38D-4F1DADF70430}.Debug|Any CPU.Build.0 = Debug|Any CPU
		{6D35F0E3-7A57-4796-B38D-4F1DADF70430}.Release|Any CPU.ActiveCfg = Release|Any CPU
		{6D35F0E3-7A57-4796-B38D-4F1DADF70430}.Release|Any CPU.Build.0 = Release|Any CPU
		{A3D60D5D-6C72-43F6-A9AF-5B19999229D2}.Debug|Any CPU.ActiveCfg = Debug|Any CPU
		{A3D60D5D-6C72-43F6-A9AF-5B19999229D2}.Debug|Any CPU.Build.0 = Debug|Any CPU
		{A3D60D5D-6C72-43F6-A9AF-5B19999229D2}.Release|Any CPU.ActiveCfg = Release|Any CPU
		{A3D60D5D-6C72-43F6-A9AF-5B19999229D2}.Release|Any CPU.Build.0 = Release|Any CPU
		{AA44EA37-20DD-49FD-A065-6815D963B593}.Debug|Any CPU.ActiveCfg = Debug|Any CPU
		{AA44EA37-20DD-49FD-A065-6815D963B593}.Debug|Any CPU.Build.0 = Debug|Any CPU
		{AA44EA37-20DD-49FD-A065-6815D963B593}.Release|Any CPU.ActiveCfg = Release|Any CPU
		{AA44EA37-20DD-49FD-A065-6815D963B593}.Release|Any CPU.Build.0 = Release|Any CPU
	EndGlobalSection
	GlobalSection(SolutionProperties) = preSolution
		HideSolutionNode = FALSE
	EndGlobalSection
EndGlobal
