
Microsoft Visual Studio Solution File, Format Version 11.00
# Visual C++ Express 2010
Project("{8BC9CEB8-8B4A-11D0-8D11-00A0C91BC942}") = "Snake", "Snake.vcxproj", "{DB114264-085C-4CC0-874F-E7A40A7B70BD}"
EndProject
Global
	GlobalSection(SolutionConfigurationPlatforms) = preSolution
		Debug|Win32 = Debug|Win32
		Release|Win32 = Release|Win32
	EndGlobalSection
	GlobalSection(ProjectConfigurationPlatforms) = postSolution
		{DB114264-085C-4CC0-874F-E7A40A7B70BD}.Debug|Win32.ActiveCfg = Debug|Win32
		{DB114264-085C-4CC0-874F-E7A40A7B70BD}.Debug|Win32.Build.0 = Debug|Win32
		{DB114264-085C-4CC0-874F-E7A40A7B70BD}.Release|Win32.ActiveCfg = Release|Win32
		{DB114264-085C-4CC0-874F-E7A40A7B70BD}.Release|Win32.Build.0 = Release|Win32
	EndGlobalSection
	GlobalSection(SolutionProperties) = preSolution
		HideSolutionNode = FALSE
	EndGlobalSection
EndGlobal
