
Microsoft Visual Studio Solution File, Format Version 10.00
# Visual Studio 2008
Project("{FAE04EC0-301F-11D3-BF4B-00C04F79EFBC}") = "passwordbox_sample", "passwordbox_sample.csproj", "{DE8993B9-CEE4-47F0-95BF-47F95D63C1C1}"
EndProject
Global
	GlobalSection(SolutionConfigurationPlatforms) = preSolution
		Debug|Any CPU = Debug|Any CPU
	EndGlobalSection
	GlobalSection(ProjectConfigurationPlatforms) = postSolution
		{DE8993B9-CEE4-47F0-95BF-47F95D63C1C1}.Debug|Any CPU.ActiveCfg = Debug|Any CPU
		{DE8993B9-CEE4-47F0-95BF-47F95D63C1C1}.Debug|Any CPU.Build.0 = Debug|Any CPU
	EndGlobalSection
	GlobalSection(SolutionProperties) = preSolution
		HideSolutionNode = FALSE
	EndGlobalSection
EndGlobal
