
Microsoft Visual Studio Solution File, Format Version 12.00
# Visual Studio 2012
Project("{FAE04EC0-301F-11D3-BF4B-00C04F79EFBC}") = "001_SqlConnections", "001_SqlConnections\001_SqlConnections.csproj", "{80740582-E5F0-44DE-A95C-AA61F8A6EC27}"
EndProject
Project("{FAE04EC0-301F-11D3-BF4B-00C04F79EFBC}") = "002_SqlCommandsDemo", "002_SqlCommandsDemo\002_SqlCommandsDemo.csproj", "{86AB2B9B-C03F-4D0D-AA9F-888937AB837E}"
EndProject
Project("{FAE04EC0-301F-11D3-BF4B-00C04F79EFBC}") = "003_SqlInjectionDemo", "003_SqlInjectionDemo\003_SqlInjectionDemo.csproj", "{D54EF704-5981-4B39-BEE9-C34DA2AD1F5B}"
EndProject
Project("{FAE04EC0-301F-11D3-BF4B-00C04F79EFBC}") = "004-StoredProcedureDemo", "004-StoredProcedureDemo\004-StoredProcedureDemo.csproj", "{D270FD78-A2D4-435B-910F-097F6C79208A}"
EndProject
Global
	GlobalSection(SolutionConfigurationPlatforms) = preSolution
		Debug|Any CPU = Debug|Any CPU
		Release|Any CPU = Release|Any CPU
	EndGlobalSection
	GlobalSection(ProjectConfigurationPlatforms) = postSolution
		{80740582-E5F0-44DE-A95C-AA61F8A6EC27}.Debug|Any CPU.ActiveCfg = Debug|Any CPU
		{80740582-E5F0-44DE-A95C-AA61F8A6EC27}.Debug|Any CPU.Build.0 = Debug|Any CPU
		{80740582-E5F0-44DE-A95C-AA61F8A6EC27}.Release|Any CPU.ActiveCfg = Release|Any CPU
		{80740582-E5F0-44DE-A95C-AA61F8A6EC27}.Release|Any CPU.Build.0 = Release|Any CPU
		{86AB2B9B-C03F-4D0D-AA9F-888937AB837E}.Debug|Any CPU.ActiveCfg = Debug|Any CPU
		{86AB2B9B-C03F-4D0D-AA9F-888937AB837E}.Debug|Any CPU.Build.0 = Debug|Any CPU
		{86AB2B9B-C03F-4D0D-AA9F-888937AB837E}.Release|Any CPU.ActiveCfg = Release|Any CPU
		{86AB2B9B-C03F-4D0D-AA9F-888937AB837E}.Release|Any CPU.Build.0 = Release|Any CPU
		{D54EF704-5981-4B39-BEE9-C34DA2AD1F5B}.Debug|Any CPU.ActiveCfg = Debug|Any CPU
		{D54EF704-5981-4B39-BEE9-C34DA2AD1F5B}.Debug|Any CPU.Build.0 = Debug|Any CPU
		{D54EF704-5981-4B39-BEE9-C34DA2AD1F5B}.Release|Any CPU.ActiveCfg = Release|Any CPU
		{D54EF704-5981-4B39-BEE9-C34DA2AD1F5B}.Release|Any CPU.Build.0 = Release|Any CPU
		{D270FD78-A2D4-435B-910F-097F6C79208A}.Debug|Any CPU.ActiveCfg = Debug|Any CPU
		{D270FD78-A2D4-435B-910F-097F6C79208A}.Debug|Any CPU.Build.0 = Debug|Any CPU
		{D270FD78-A2D4-435B-910F-097F6C79208A}.Release|Any CPU.ActiveCfg = Release|Any CPU
		{D270FD78-A2D4-435B-910F-097F6C79208A}.Release|Any CPU.Build.0 = Release|Any CPU
	EndGlobalSection
	GlobalSection(SolutionProperties) = preSolution
		HideSolutionNode = FALSE
	EndGlobalSection
EndGlobal
