
Microsoft Visual Studio Solution File, Format Version 10.00
# Visual Studio 2008
Project("{FAE04EC0-301F-11D3-BF4B-00C04F79EFBC}") = "Skip_and_Reverse", "Skip_and_Reverse\Skip_and_Reverse.csproj", "{C5FAA352-004B-4CF2-BD05-3B935069A94E}"
EndProject
Global
	GlobalSection(SolutionConfigurationPlatforms) = preSolution
		Debug|Any CPU = Debug|Any CPU
		Release|Any CPU = Release|Any CPU
	EndGlobalSection
	GlobalSection(ProjectConfigurationPlatforms) = postSolution
		{C5FAA352-004B-4CF2-BD05-3B935069A94E}.Debug|Any CPU.ActiveCfg = Debug|Any CPU
		{C5FAA352-004B-4CF2-BD05-3B935069A94E}.Debug|Any CPU.Build.0 = Debug|Any CPU
		{C5FAA352-004B-4CF2-BD05-3B935069A94E}.Release|Any CPU.ActiveCfg = Release|Any CPU
		{C5FAA352-004B-4CF2-BD05-3B935069A94E}.Release|Any CPU.Build.0 = Release|Any CPU
	EndGlobalSection
	GlobalSection(SolutionProperties) = preSolution
		HideSolutionNode = FALSE
	EndGlobalSection
EndGlobal
