
Microsoft Visual Studio Solution File, Format Version 12.00
# Visual Studio 2012
Project("{FAE04EC0-301F-11D3-BF4B-00C04F79EFBC}") = "OneWay", "OneWay\OneWay.csproj", "{15F47759-0133-448B-A0AB-5271E2B7A4B7}"
EndProject
Project("{FAE04EC0-301F-11D3-BF4B-00C04F79EFBC}") = "Client", "Client\Client.csproj", "{79BFA94A-7665-45F4-9D17-E918BB2DB39A}"
EndProject
Global
	GlobalSection(SolutionConfigurationPlatforms) = preSolution
		Debug|Any CPU = Debug|Any CPU
		Release|Any CPU = Release|Any CPU
	EndGlobalSection
	GlobalSection(ProjectConfigurationPlatforms) = postSolution
		{15F47759-0133-448B-A0AB-5271E2B7A4B7}.Debug|Any CPU.ActiveCfg = Debug|Any CPU
		{15F47759-0133-448B-A0AB-5271E2B7A4B7}.Debug|Any CPU.Build.0 = Debug|Any CPU
		{15F47759-0133-448B-A0AB-5271E2B7A4B7}.Release|Any CPU.ActiveCfg = Release|Any CPU
		{15F47759-0133-448B-A0AB-5271E2B7A4B7}.Release|Any CPU.Build.0 = Release|Any CPU
		{79BFA94A-7665-45F4-9D17-E918BB2DB39A}.Debug|Any CPU.ActiveCfg = Debug|Any CPU
		{79BFA94A-7665-45F4-9D17-E918BB2DB39A}.Debug|Any CPU.Build.0 = Debug|Any CPU
		{79BFA94A-7665-45F4-9D17-E918BB2DB39A}.Release|Any CPU.ActiveCfg = Release|Any CPU
		{79BFA94A-7665-45F4-9D17-E918BB2DB39A}.Release|Any CPU.Build.0 = Release|Any CPU
	EndGlobalSection
	GlobalSection(SolutionProperties) = preSolution
		HideSolutionNode = FALSE
	EndGlobalSection
EndGlobal
