
Microsoft Visual Studio Solution File, Format Version 12.00
# Visual Studio 2012
Project("{FAE04EC0-301F-11D3-BF4B-00C04F79EFBC}") = "Chat_WCF", "Chat_WCF\Chat_WCF.csproj", "{92BC9454-31BD-438A-823C-2E5FF6864A71}"
EndProject
Global
	GlobalSection(SolutionConfigurationPlatforms) = preSolution
		Debug|Any CPU = Debug|Any CPU
		Release|Any CPU = Release|Any CPU
	EndGlobalSection
	GlobalSection(ProjectConfigurationPlatforms) = postSolution
		{92BC9454-31BD-438A-823C-2E5FF6864A71}.Debug|Any CPU.ActiveCfg = Debug|Any CPU
		{92BC9454-31BD-438A-823C-2E5FF6864A71}.Debug|Any CPU.Build.0 = Debug|Any CPU
		{92BC9454-31BD-438A-823C-2E5FF6864A71}.Release|Any CPU.ActiveCfg = Release|Any CPU
		{92BC9454-31BD-438A-823C-2E5FF6864A71}.Release|Any CPU.Build.0 = Release|Any CPU
	EndGlobalSection
	GlobalSection(SolutionProperties) = preSolution
		HideSolutionNode = FALSE
	EndGlobalSection
EndGlobal
