
Microsoft Visual Studio Solution File, Format Version 12.00
# Visual Studio 2012
Project("{FAE04EC0-301F-11D3-BF4B-00C04F79EFBC}") = "lesson_12", "lesson_12\lesson_12.csproj", "{C6E7015F-CF5D-4A2F-8C9D-A0C2354634BE}"
EndProject
Global
	GlobalSection(SolutionConfigurationPlatforms) = preSolution
		Debug|Any CPU = Debug|Any CPU
		Release|Any CPU = Release|Any CPU
	EndGlobalSection
	GlobalSection(ProjectConfigurationPlatforms) = postSolution
		{C6E7015F-CF5D-4A2F-8C9D-A0C2354634BE}.Debug|Any CPU.ActiveCfg = Debug|Any CPU
		{C6E7015F-CF5D-4A2F-8C9D-A0C2354634BE}.Debug|Any CPU.Build.0 = Debug|Any CPU
		{C6E7015F-CF5D-4A2F-8C9D-A0C2354634BE}.Release|Any CPU.ActiveCfg = Release|Any CPU
		{C6E7015F-CF5D-4A2F-8C9D-A0C2354634BE}.Release|Any CPU.Build.0 = Release|Any CPU
	EndGlobalSection
	GlobalSection(SolutionProperties) = preSolution
		HideSolutionNode = FALSE
	EndGlobalSection
EndGlobal
