
Microsoft Visual Studio Solution File, Format Version 12.00
# Visual Studio 2012
Project("{FAE04EC0-301F-11D3-BF4B-00C04F79EFBC}") = "FactMet", "FactMet\FactMet.csproj", "{E31D7F1F-FB63-4852-A7D9-478360409A1D}"
EndProject
Global
	GlobalSection(SolutionConfigurationPlatforms) = preSolution
		Debug|Any CPU = Debug|Any CPU
		Release|Any CPU = Release|Any CPU
	EndGlobalSection
	GlobalSection(ProjectConfigurationPlatforms) = postSolution
		{E31D7F1F-FB63-4852-A7D9-478360409A1D}.Debug|Any CPU.ActiveCfg = Debug|Any CPU
		{E31D7F1F-FB63-4852-A7D9-478360409A1D}.Debug|Any CPU.Build.0 = Debug|Any CPU
		{E31D7F1F-FB63-4852-A7D9-478360409A1D}.Release|Any CPU.ActiveCfg = Release|Any CPU
		{E31D7F1F-FB63-4852-A7D9-478360409A1D}.Release|Any CPU.Build.0 = Release|Any CPU
	EndGlobalSection
	GlobalSection(SolutionProperties) = preSolution
		HideSolutionNode = FALSE
	EndGlobalSection
EndGlobal
