
Microsoft Visual Studio Solution File, Format Version 12.00
# Visual Studio 2012
Project("{FAE04EC0-301F-11D3-BF4B-00C04F79EFBC}") = "BS.Entity", "..\BS.Entity\BS.Entity.csproj", "{16B6FE6A-833E-4924-B0E3-2EDED75AD147}"
EndProject
Project("{FAE04EC0-301F-11D3-BF4B-00C04F79EFBC}") = "BS.Business", "BS.Business\BS.Business.csproj", "{30B92098-6EB8-414C-B40B-DCC2A3931C5D}"
EndProject
Project("{FAE04EC0-301F-11D3-BF4B-00C04F79EFBC}") = "BS.Presentation", "BS.Presentation\BS.Presentation.csproj", "{A41A4C08-3768-467D-9B95-3F8F71CC375C}"
EndProject
Global
	GlobalSection(SolutionConfigurationPlatforms) = preSolution
		Debug|Any CPU = Debug|Any CPU
		Release|Any CPU = Release|Any CPU
	EndGlobalSection
	GlobalSection(ProjectConfigurationPlatforms) = postSolution
		{16B6FE6A-833E-4924-B0E3-2EDED75AD147}.Debug|Any CPU.ActiveCfg = Debug|Any CPU
		{16B6FE6A-833E-4924-B0E3-2EDED75AD147}.Debug|Any CPU.Build.0 = Debug|Any CPU
		{16B6FE6A-833E-4924-B0E3-2EDED75AD147}.Release|Any CPU.ActiveCfg = Release|Any CPU
		{16B6FE6A-833E-4924-B0E3-2EDED75AD147}.Release|Any CPU.Build.0 = Release|Any CPU
		{30B92098-6EB8-414C-B40B-DCC2A3931C5D}.Debug|Any CPU.ActiveCfg = Debug|Any CPU
		{30B92098-6EB8-414C-B40B-DCC2A3931C5D}.Debug|Any CPU.Build.0 = Debug|Any CPU
		{30B92098-6EB8-414C-B40B-DCC2A3931C5D}.Release|Any CPU.ActiveCfg = Release|Any CPU
		{30B92098-6EB8-414C-B40B-DCC2A3931C5D}.Release|Any CPU.Build.0 = Release|Any CPU
		{A41A4C08-3768-467D-9B95-3F8F71CC375C}.Debug|Any CPU.ActiveCfg = Debug|Any CPU
		{A41A4C08-3768-467D-9B95-3F8F71CC375C}.Debug|Any CPU.Build.0 = Debug|Any CPU
		{A41A4C08-3768-467D-9B95-3F8F71CC375C}.Release|Any CPU.ActiveCfg = Release|Any CPU
		{A41A4C08-3768-467D-9B95-3F8F71CC375C}.Release|Any CPU.Build.0 = Release|Any CPU
	EndGlobalSection
	GlobalSection(SolutionProperties) = preSolution
		HideSolutionNode = FALSE
	EndGlobalSection
EndGlobal
