
Microsoft Visual Studio Solution File, Format Version 12.00
# Visual Studio 2012
Project("{FAE04EC0-301F-11D3-BF4B-00C04F79EFBC}") = "ToDo.WebUI", "ToDo.WebUI\ToDo.WebUI.csproj", "{4D01EF6E-B8D6-4546-9868-8A7677976B26}"
EndProject
Project("{FAE04EC0-301F-11D3-BF4B-00C04F79EFBC}") = "ToDo.Entities", "ToDo.Entities\ToDo.Entities.csproj", "{4407061B-108D-4E18-9170-431EAED49233}"
EndProject
Project("{FAE04EC0-301F-11D3-BF4B-00C04F79EFBC}") = "ToDo.Repositories", "ToDo.Repositories\ToDo.Repositories.csproj", "{7BA33449-78DB-4B82-8927-33393A1E6092}"
EndProject
Global
	GlobalSection(SolutionConfigurationPlatforms) = preSolution
		Debug|Any CPU = Debug|Any CPU
		Release|Any CPU = Release|Any CPU
	EndGlobalSection
	GlobalSection(ProjectConfigurationPlatforms) = postSolution
		{4D01EF6E-B8D6-4546-9868-8A7677976B26}.Debug|Any CPU.ActiveCfg = Debug|Any CPU
		{4D01EF6E-B8D6-4546-9868-8A7677976B26}.Debug|Any CPU.Build.0 = Debug|Any CPU
		{4D01EF6E-B8D6-4546-9868-8A7677976B26}.Release|Any CPU.ActiveCfg = Release|Any CPU
		{4D01EF6E-B8D6-4546-9868-8A7677976B26}.Release|Any CPU.Build.0 = Release|Any CPU
		{4407061B-108D-4E18-9170-431EAED49233}.Debug|Any CPU.ActiveCfg = Debug|Any CPU
		{4407061B-108D-4E18-9170-431EAED49233}.Debug|Any CPU.Build.0 = Debug|Any CPU
		{4407061B-108D-4E18-9170-431EAED49233}.Release|Any CPU.ActiveCfg = Release|Any CPU
		{4407061B-108D-4E18-9170-431EAED49233}.Release|Any CPU.Build.0 = Release|Any CPU
		{7BA33449-78DB-4B82-8927-33393A1E6092}.Debug|Any CPU.ActiveCfg = Debug|Any CPU
		{7BA33449-78DB-4B82-8927-33393A1E6092}.Debug|Any CPU.Build.0 = Debug|Any CPU
		{7BA33449-78DB-4B82-8927-33393A1E6092}.Release|Any CPU.ActiveCfg = Release|Any CPU
		{7BA33449-78DB-4B82-8927-33393A1E6092}.Release|Any CPU.Build.0 = Release|Any CPU
	EndGlobalSection
	GlobalSection(SolutionProperties) = preSolution
		HideSolutionNode = FALSE
	EndGlobalSection
EndGlobal
