
Microsoft Visual Studio Solution File, Format Version 12.00
# Visual Studio 2012
Project("{FAE04EC0-301F-11D3-BF4B-00C04F79EFBC}") = "001_treeview_demo", "001_treeview_demo\001_treeview_demo.csproj", "{32AB882E-2196-4F92-8089-7C09BD646323}"
EndProject
Project("{FAE04EC0-301F-11D3-BF4B-00C04F79EFBC}") = "002_treeview_databinding", "002_treeview_databinding\002_treeview_databinding.csproj", "{C2708D87-317C-49E9-84E7-C7E01F19B0D9}"
EndProject
Project("{FAE04EC0-301F-11D3-BF4B-00C04F79EFBC}") = "003_multyTypeBinding", "003_multyTypeBinding\003_multyTypeBinding.csproj", "{5D88E63C-A8BB-49CA-B6C4-598100CE32C3}"
EndProject
Project("{FAE04EC0-301F-11D3-BF4B-00C04F79EFBC}") = "004_dist_info", "004_dist_info\004_dist_info.csproj", "{96CA945B-33BC-4FBE-807A-869D00BB748B}"
EndProject
Project("{FAE04EC0-301F-11D3-BF4B-00C04F79EFBC}") = "005_data_grid", "005_data_grid\005_data_grid.csproj", "{24B6E564-DC9B-4A9D-8D55-C3FF07C83BC2}"
EndProject
Project("{FAE04EC0-301F-11D3-BF4B-00C04F79EFBC}") = "006_example", "006_example\006_example.csproj", "{09EE94D2-678D-4332-8210-9A7C2311A77F}"
EndProject
Global
	GlobalSection(SolutionConfigurationPlatforms) = preSolution
		Debug|Any CPU = Debug|Any CPU
		Release|Any CPU = Release|Any CPU
	EndGlobalSection
	GlobalSection(ProjectConfigurationPlatforms) = postSolution
		{32AB882E-2196-4F92-8089-7C09BD646323}.Debug|Any CPU.ActiveCfg = Debug|Any CPU
		{32AB882E-2196-4F92-8089-7C09BD646323}.Debug|Any CPU.Build.0 = Debug|Any CPU
		{32AB882E-2196-4F92-8089-7C09BD646323}.Release|Any CPU.ActiveCfg = Release|Any CPU
		{32AB882E-2196-4F92-8089-7C09BD646323}.Release|Any CPU.Build.0 = Release|Any CPU
		{C2708D87-317C-49E9-84E7-C7E01F19B0D9}.Debug|Any CPU.ActiveCfg = Debug|Any CPU
		{C2708D87-317C-49E9-84E7-C7E01F19B0D9}.Debug|Any CPU.Build.0 = Debug|Any CPU
		{C2708D87-317C-49E9-84E7-C7E01F19B0D9}.Release|Any CPU.ActiveCfg = Release|Any CPU
		{C2708D87-317C-49E9-84E7-C7E01F19B0D9}.Release|Any CPU.Build.0 = Release|Any CPU
		{5D88E63C-A8BB-49CA-B6C4-598100CE32C3}.Debug|Any CPU.ActiveCfg = Debug|Any CPU
		{5D88E63C-A8BB-49CA-B6C4-598100CE32C3}.Debug|Any CPU.Build.0 = Debug|Any CPU
		{5D88E63C-A8BB-49CA-B6C4-598100CE32C3}.Release|Any CPU.ActiveCfg = Release|Any CPU
		{5D88E63C-A8BB-49CA-B6C4-598100CE32C3}.Release|Any CPU.Build.0 = Release|Any CPU
		{96CA945B-33BC-4FBE-807A-869D00BB748B}.Debug|Any CPU.ActiveCfg = Debug|Any CPU
		{96CA945B-33BC-4FBE-807A-869D00BB748B}.Debug|Any CPU.Build.0 = Debug|Any CPU
		{96CA945B-33BC-4FBE-807A-869D00BB748B}.Release|Any CPU.ActiveCfg = Release|Any CPU
		{96CA945B-33BC-4FBE-807A-869D00BB748B}.Release|Any CPU.Build.0 = Release|Any CPU
		{24B6E564-DC9B-4A9D-8D55-C3FF07C83BC2}.Debug|Any CPU.ActiveCfg = Debug|Any CPU
		{24B6E564-DC9B-4A9D-8D55-C3FF07C83BC2}.Debug|Any CPU.Build.0 = Debug|Any CPU
		{24B6E564-DC9B-4A9D-8D55-C3FF07C83BC2}.Release|Any CPU.ActiveCfg = Release|Any CPU
		{24B6E564-DC9B-4A9D-8D55-C3FF07C83BC2}.Release|Any CPU.Build.0 = Release|Any CPU
		{09EE94D2-678D-4332-8210-9A7C2311A77F}.Debug|Any CPU.ActiveCfg = Debug|Any CPU
		{09EE94D2-678D-4332-8210-9A7C2311A77F}.Debug|Any CPU.Build.0 = Debug|Any CPU
		{09EE94D2-678D-4332-8210-9A7C2311A77F}.Release|Any CPU.ActiveCfg = Release|Any CPU
		{09EE94D2-678D-4332-8210-9A7C2311A77F}.Release|Any CPU.Build.0 = Release|Any CPU
	EndGlobalSection
	GlobalSection(SolutionProperties) = preSolution
		HideSolutionNode = FALSE
	EndGlobalSection
EndGlobal
