
Microsoft Visual Studio Solution File, Format Version 12.00
# Visual Studio 2012
Project("{FAE04EC0-301F-11D3-BF4B-00C04F79EFBC}") = "dns", "dns\dns.csproj", "{CC735A22-5525-4417-B219-B060BF2A687B}"
EndProject
Project("{FAE04EC0-301F-11D3-BF4B-00C04F79EFBC}") = "Request", "WindowsFormsApplication1\Request.csproj", "{6EE1B49D-59F6-429C-9866-E9213CC3A9F5}"
EndProject
Global
	GlobalSection(SolutionConfigurationPlatforms) = preSolution
		Debug|Any CPU = Debug|Any CPU
		Release|Any CPU = Release|Any CPU
	EndGlobalSection
	GlobalSection(ProjectConfigurationPlatforms) = postSolution
		{CC735A22-5525-4417-B219-B060BF2A687B}.Debug|Any CPU.ActiveCfg = Debug|Any CPU
		{CC735A22-5525-4417-B219-B060BF2A687B}.Debug|Any CPU.Build.0 = Debug|Any CPU
		{CC735A22-5525-4417-B219-B060BF2A687B}.Release|Any CPU.ActiveCfg = Release|Any CPU
		{CC735A22-5525-4417-B219-B060BF2A687B}.Release|Any CPU.Build.0 = Release|Any CPU
		{6EE1B49D-59F6-429C-9866-E9213CC3A9F5}.Debug|Any CPU.ActiveCfg = Debug|Any CPU
		{6EE1B49D-59F6-429C-9866-E9213CC3A9F5}.Debug|Any CPU.Build.0 = Debug|Any CPU
		{6EE1B49D-59F6-429C-9866-E9213CC3A9F5}.Release|Any CPU.ActiveCfg = Release|Any CPU
		{6EE1B49D-59F6-429C-9866-E9213CC3A9F5}.Release|Any CPU.Build.0 = Release|Any CPU
	EndGlobalSection
	GlobalSection(SolutionProperties) = preSolution
		HideSolutionNode = FALSE
	EndGlobalSection
EndGlobal
