
Microsoft Visual Studio Solution File, Format Version 12.00
# Visual Studio 2012
Project("{FAE04EC0-301F-11D3-BF4B-00C04F79EFBC}") = "WindowsFormsApplication1", "WindowsFormsApplication1\WindowsFormsApplication1.csproj", "{1CCC4084-E0FB-4FD9-A011-33B19D543154}"
EndProject
Global
	GlobalSection(SolutionConfigurationPlatforms) = preSolution
		Debug|Any CPU = Debug|Any CPU
		Release|Any CPU = Release|Any CPU
	EndGlobalSection
	GlobalSection(ProjectConfigurationPlatforms) = postSolution
		{1CCC4084-E0FB-4FD9-A011-33B19D543154}.Debug|Any CPU.ActiveCfg = Debug|Any CPU
		{1CCC4084-E0FB-4FD9-A011-33B19D543154}.Debug|Any CPU.Build.0 = Debug|Any CPU
		{1CCC4084-E0FB-4FD9-A011-33B19D543154}.Release|Any CPU.ActiveCfg = Release|Any CPU
		{1CCC4084-E0FB-4FD9-A011-33B19D543154}.Release|Any CPU.Build.0 = Release|Any CPU
	EndGlobalSection
	GlobalSection(SolutionProperties) = preSolution
		HideSolutionNode = FALSE
	EndGlobalSection
EndGlobal
