
Microsoft Visual Studio Solution File, Format Version 12.00
# Visual Studio 2012
Project("{FAE04EC0-301F-11D3-BF4B-00C04F79EFBC}") = "001_tableSplittingCodeFirst", "001_tableSplittingCodeFirst\001_tableSplittingCodeFirst.csproj", "{8DFC8BF8-A233-4226-870D-0994907CE23A}"
EndProject
Project("{FAE04EC0-301F-11D3-BF4B-00C04F79EFBC}") = "002_SelfReferencesDatabaseFirst", "002_SelfReferencesDatabaseFirst\002_SelfReferencesDatabaseFirst.csproj", "{3FAD0AB6-D9B1-488A-8B36-6FD515CB2147}"
EndProject
Project("{FAE04EC0-301F-11D3-BF4B-00C04F79EFBC}") = "003_SelfReferencesCodeFirst", "003_SelfReferencesCodeFirst\003_SelfReferencesCodeFirst.csproj", "{05065546-5502-4662-806B-E85A7EF60A59}"
EndProject
Project("{FAE04EC0-301F-11D3-BF4B-00C04F79EFBC}") = "004_TablePerHierarchy_databaseFirst", "004_TablePerHierarchy_databaseFirst\004_TablePerHierarchy_databaseFirst.csproj", "{B28F7342-6B28-408E-A0C2-5409DC5E6E5B}"
EndProject
Project("{FAE04EC0-301F-11D3-BF4B-00C04F79EFBC}") = "005_TablePerHierarchy_CodeFirst", "004_TablePerHierarchy_CodeFirst\005_TablePerHierarchy_CodeFirst.csproj", "{C90C921A-D2B1-4103-B06D-31F647767049}"
EndProject
Project("{FAE04EC0-301F-11D3-BF4B-00C04F79EFBC}") = "006_TablePerType_databaseFirst", "006_TablePerType_databaseFirst\006_TablePerType_databaseFirst.csproj", "{9A070AB6-374B-4587-BEFA-F3E065FF60FB}"
EndProject
Project("{FAE04EC0-301F-11D3-BF4B-00C04F79EFBC}") = "007_TPTcodeFirst", "007_TPTcodeFirst\007_TPTcodeFirst.csproj", "{B4F88769-F121-4B01-B5F6-DFF4A8F9BF71}"
EndProject
Global
	GlobalSection(SolutionConfigurationPlatforms) = preSolution
		Debug|Any CPU = Debug|Any CPU
		Release|Any CPU = Release|Any CPU
	EndGlobalSection
	GlobalSection(ProjectConfigurationPlatforms) = postSolution
		{8DFC8BF8-A233-4226-870D-0994907CE23A}.Debug|Any CPU.ActiveCfg = Debug|Any CPU
		{8DFC8BF8-A233-4226-870D-0994907CE23A}.Debug|Any CPU.Build.0 = Debug|Any CPU
		{8DFC8BF8-A233-4226-870D-0994907CE23A}.Release|Any CPU.ActiveCfg = Release|Any CPU
		{8DFC8BF8-A233-4226-870D-0994907CE23A}.Release|Any CPU.Build.0 = Release|Any CPU
		{3FAD0AB6-D9B1-488A-8B36-6FD515CB2147}.Debug|Any CPU.ActiveCfg = Debug|Any CPU
		{3FAD0AB6-D9B1-488A-8B36-6FD515CB2147}.Debug|Any CPU.Build.0 = Debug|Any CPU
		{3FAD0AB6-D9B1-488A-8B36-6FD515CB2147}.Release|Any CPU.ActiveCfg = Release|Any CPU
		{3FAD0AB6-D9B1-488A-8B36-6FD515CB2147}.Release|Any CPU.Build.0 = Release|Any CPU
		{05065546-5502-4662-806B-E85A7EF60A59}.Debug|Any CPU.ActiveCfg = Debug|Any CPU
		{05065546-5502-4662-806B-E85A7EF60A59}.Debug|Any CPU.Build.0 = Debug|Any CPU
		{05065546-5502-4662-806B-E85A7EF60A59}.Release|Any CPU.ActiveCfg = Release|Any CPU
		{05065546-5502-4662-806B-E85A7EF60A59}.Release|Any CPU.Build.0 = Release|Any CPU
		{B28F7342-6B28-408E-A0C2-5409DC5E6E5B}.Debug|Any CPU.ActiveCfg = Debug|Any CPU
		{B28F7342-6B28-408E-A0C2-5409DC5E6E5B}.Debug|Any CPU.Build.0 = Debug|Any CPU
		{B28F7342-6B28-408E-A0C2-5409DC5E6E5B}.Release|Any CPU.ActiveCfg = Release|Any CPU
		{B28F7342-6B28-408E-A0C2-5409DC5E6E5B}.Release|Any CPU.Build.0 = Release|Any CPU
		{C90C921A-D2B1-4103-B06D-31F647767049}.Debug|Any CPU.ActiveCfg = Debug|Any CPU
		{C90C921A-D2B1-4103-B06D-31F647767049}.Debug|Any CPU.Build.0 = Debug|Any CPU
		{C90C921A-D2B1-4103-B06D-31F647767049}.Release|Any CPU.ActiveCfg = Release|Any CPU
		{C90C921A-D2B1-4103-B06D-31F647767049}.Release|Any CPU.Build.0 = Release|Any CPU
		{9A070AB6-374B-4587-BEFA-F3E065FF60FB}.Debug|Any CPU.ActiveCfg = Debug|Any CPU
		{9A070AB6-374B-4587-BEFA-F3E065FF60FB}.Debug|Any CPU.Build.0 = Debug|Any CPU
		{9A070AB6-374B-4587-BEFA-F3E065FF60FB}.Release|Any CPU.ActiveCfg = Release|Any CPU
		{9A070AB6-374B-4587-BEFA-F3E065FF60FB}.Release|Any CPU.Build.0 = Release|Any CPU
		{B4F88769-F121-4B01-B5F6-DFF4A8F9BF71}.Debug|Any CPU.ActiveCfg = Debug|Any CPU
		{B4F88769-F121-4B01-B5F6-DFF4A8F9BF71}.Debug|Any CPU.Build.0 = Debug|Any CPU
		{B4F88769-F121-4B01-B5F6-DFF4A8F9BF71}.Release|Any CPU.ActiveCfg = Release|Any CPU
		{B4F88769-F121-4B01-B5F6-DFF4A8F9BF71}.Release|Any CPU.Build.0 = Release|Any CPU
	EndGlobalSection
	GlobalSection(SolutionProperties) = preSolution
		HideSolutionNode = FALSE
	EndGlobalSection
EndGlobal
