
Microsoft Visual Studio Solution File, Format Version 12.00
# Visual Studio 2012
Project("{FAE04EC0-301F-11D3-BF4B-00C04F79EFBC}") = "inputDigit", "inputDigit\inputDigit.csproj", "{C9524E7C-E9E8-4A4F-8C28-F566AE9E535F}"
EndProject
Project("{FAE04EC0-301F-11D3-BF4B-00C04F79EFBC}") = "outputDigit", "outputDigit\outputDigit.csproj", "{04731170-CC6F-4EF3-AE75-095EE5BB9D62}"
EndProject
Project("{FAE04EC0-301F-11D3-BF4B-00C04F79EFBC}") = "host", "host\host.csproj", "{94B4F667-F01F-4826-933D-8B4A9F83F6C6}"
EndProject
Global
	GlobalSection(SolutionConfigurationPlatforms) = preSolution
		Debug|Any CPU = Debug|Any CPU
		Release|Any CPU = Release|Any CPU
	EndGlobalSection
	GlobalSection(ProjectConfigurationPlatforms) = postSolution
		{C9524E7C-E9E8-4A4F-8C28-F566AE9E535F}.Debug|Any CPU.ActiveCfg = Debug|Any CPU
		{C9524E7C-E9E8-4A4F-8C28-F566AE9E535F}.Debug|Any CPU.Build.0 = Debug|Any CPU
		{C9524E7C-E9E8-4A4F-8C28-F566AE9E535F}.Release|Any CPU.ActiveCfg = Release|Any CPU
		{C9524E7C-E9E8-4A4F-8C28-F566AE9E535F}.Release|Any CPU.Build.0 = Release|Any CPU
		{04731170-CC6F-4EF3-AE75-095EE5BB9D62}.Debug|Any CPU.ActiveCfg = Debug|Any CPU
		{04731170-CC6F-4EF3-AE75-095EE5BB9D62}.Debug|Any CPU.Build.0 = Debug|Any CPU
		{04731170-CC6F-4EF3-AE75-095EE5BB9D62}.Release|Any CPU.ActiveCfg = Release|Any CPU
		{04731170-CC6F-4EF3-AE75-095EE5BB9D62}.Release|Any CPU.Build.0 = Release|Any CPU
		{94B4F667-F01F-4826-933D-8B4A9F83F6C6}.Debug|Any CPU.ActiveCfg = Debug|Any CPU
		{94B4F667-F01F-4826-933D-8B4A9F83F6C6}.Debug|Any CPU.Build.0 = Debug|Any CPU
		{94B4F667-F01F-4826-933D-8B4A9F83F6C6}.Release|Any CPU.ActiveCfg = Release|Any CPU
		{94B4F667-F01F-4826-933D-8B4A9F83F6C6}.Release|Any CPU.Build.0 = Release|Any CPU
	EndGlobalSection
	GlobalSection(SolutionProperties) = preSolution
		HideSolutionNode = FALSE
	EndGlobalSection
EndGlobal
