
Microsoft Visual Studio Solution File, Format Version 10.00
# Visual Studio 2008
Project("{FAE04EC0-301F-11D3-BF4B-00C04F79EFBC}") = "listviewcustomview", "listviewcustomview.csproj", "{C3AD96EC-8C52-4FC9-B4B1-724316D17B7C}"
EndProject
Global
	GlobalSection(SolutionConfigurationPlatforms) = preSolution
		Debug|Any CPU = Debug|Any CPU
	EndGlobalSection
	GlobalSection(ProjectConfigurationPlatforms) = postSolution
		{C3AD96EC-8C52-4FC9-B4B1-724316D17B7C}.Debug|Any CPU.ActiveCfg = Debug|Any CPU
		{C3AD96EC-8C52-4FC9-B4B1-724316D17B7C}.Debug|Any CPU.Build.0 = Debug|Any CPU
	EndGlobalSection
	GlobalSection(SolutionProperties) = preSolution
		HideSolutionNode = FALSE
	EndGlobalSection
EndGlobal
