
Microsoft Visual Studio Solution File, Format Version 10.00
# Visual Studio 2008
Project("{FAE04EC0-301F-11D3-BF4B-00C04F79EFBC}") = "drawingwithshapeelements", "drawingwithshapeelements.csproj", "{52B98D48-3587-4E8C-83A0-2AB46FA7FDEF}"
EndProject
Global
	GlobalSection(SolutionConfigurationPlatforms) = preSolution
		Debug|Any CPU = Debug|Any CPU
	EndGlobalSection
	GlobalSection(ProjectConfigurationPlatforms) = postSolution
		{52B98D48-3587-4E8C-83A0-2AB46FA7FDEF}.Debug|Any CPU.ActiveCfg = Debug|Any CPU
		{52B98D48-3587-4E8C-83A0-2AB46FA7FDEF}.Debug|Any CPU.Build.0 = Debug|Any CPU
	EndGlobalSection
	GlobalSection(SolutionProperties) = preSolution
		HideSolutionNode = FALSE
	EndGlobalSection
EndGlobal
