
Microsoft Visual Studio Solution File, Format Version 12.00
# Visual Studio 2012
Project("{FAE04EC0-301F-11D3-BF4B-00C04F79EFBC}") = "03_VisitCardViewer", "03_VisitCardViewer\03_VisitCardViewer.csproj", "{BB8044F1-B866-4F6C-8993-090D211094E7}"
EndProject
Project("{FAE04EC0-301F-11D3-BF4B-00C04F79EFBC}") = "DataModel", "DataModel\DataModel.csproj", "{B659EE47-90EB-4359-B58C-EA290E31B212}"
EndProject
Global
	GlobalSection(SolutionConfigurationPlatforms) = preSolution
		Debug|Any CPU = Debug|Any CPU
		Release|Any CPU = Release|Any CPU
	EndGlobalSection
	GlobalSection(ProjectConfigurationPlatforms) = postSolution
		{BB8044F1-B866-4F6C-8993-090D211094E7}.Debug|Any CPU.ActiveCfg = Debug|Any CPU
		{BB8044F1-B866-4F6C-8993-090D211094E7}.Debug|Any CPU.Build.0 = Debug|Any CPU
		{BB8044F1-B866-4F6C-8993-090D211094E7}.Release|Any CPU.ActiveCfg = Release|Any CPU
		{BB8044F1-B866-4F6C-8993-090D211094E7}.Release|Any CPU.Build.0 = Release|Any CPU
		{B659EE47-90EB-4359-B58C-EA290E31B212}.Debug|Any CPU.ActiveCfg = Debug|Any CPU
		{B659EE47-90EB-4359-B58C-EA290E31B212}.Debug|Any CPU.Build.0 = Debug|Any CPU
		{B659EE47-90EB-4359-B58C-EA290E31B212}.Release|Any CPU.ActiveCfg = Release|Any CPU
		{B659EE47-90EB-4359-B58C-EA290E31B212}.Release|Any CPU.Build.0 = Release|Any CPU
	EndGlobalSection
	GlobalSection(SolutionProperties) = preSolution
		HideSolutionNode = FALSE
	EndGlobalSection
EndGlobal
