
Microsoft Visual Studio Solution File, Format Version 12.00
# Visual Studio 2012
Project("{FAE04EC0-301F-11D3-BF4B-00C04F79EFBC}") = "001_SqlDataReader", "WindowsFormsApplication1\001_SqlDataReader.csproj", "{EBD7606C-15B4-4EBB-8BE0-8AFE35D6FE50}"
EndProject
Project("{FAE04EC0-301F-11D3-BF4B-00C04F79EFBC}") = "002_TwoSelectsDemo", "002_TwoSelectsDemo\002_TwoSelectsDemo.csproj", "{8957F96C-F774-47D2-9FCC-41283570C9EA}"
EndProject
Project("{FAE04EC0-301F-11D3-BF4B-00C04F79EFBC}") = "003_DataAdapterDemo", "003_DataAdapterDemo\003_DataAdapterDemo.csproj", "{D2A08E11-EAD0-4486-BE96-D9AFD1257E7A}"
EndProject
Project("{FAE04EC0-301F-11D3-BF4B-00C04F79EFBC}") = "004_TwoDataTablesReturnsDemo", "004_TwoDataTablesReturnsDemo\004_TwoDataTablesReturnsDemo.csproj", "{C7B95BEB-52C9-484F-B368-C097E8889BD1}"
EndProject
Project("{FAE04EC0-301F-11D3-BF4B-00C04F79EFBC}") = "005_CachingDemo", "005_CachingDemo\005_CachingDemo.csproj", "{CF43A750-4361-42CE-90D1-E8A139A96720}"
EndProject
Global
	GlobalSection(SolutionConfigurationPlatforms) = preSolution
		Debug|Any CPU = Debug|Any CPU
		Release|Any CPU = Release|Any CPU
	EndGlobalSection
	GlobalSection(ProjectConfigurationPlatforms) = postSolution
		{EBD7606C-15B4-4EBB-8BE0-8AFE35D6FE50}.Debug|Any CPU.ActiveCfg = Debug|Any CPU
		{EBD7606C-15B4-4EBB-8BE0-8AFE35D6FE50}.Debug|Any CPU.Build.0 = Debug|Any CPU
		{EBD7606C-15B4-4EBB-8BE0-8AFE35D6FE50}.Release|Any CPU.ActiveCfg = Release|Any CPU
		{EBD7606C-15B4-4EBB-8BE0-8AFE35D6FE50}.Release|Any CPU.Build.0 = Release|Any CPU
		{8957F96C-F774-47D2-9FCC-41283570C9EA}.Debug|Any CPU.ActiveCfg = Debug|Any CPU
		{8957F96C-F774-47D2-9FCC-41283570C9EA}.Debug|Any CPU.Build.0 = Debug|Any CPU
		{8957F96C-F774-47D2-9FCC-41283570C9EA}.Release|Any CPU.ActiveCfg = Release|Any CPU
		{8957F96C-F774-47D2-9FCC-41283570C9EA}.Release|Any CPU.Build.0 = Release|Any CPU
		{D2A08E11-EAD0-4486-BE96-D9AFD1257E7A}.Debug|Any CPU.ActiveCfg = Debug|Any CPU
		{D2A08E11-EAD0-4486-BE96-D9AFD1257E7A}.Debug|Any CPU.Build.0 = Debug|Any CPU
		{D2A08E11-EAD0-4486-BE96-D9AFD1257E7A}.Release|Any CPU.ActiveCfg = Release|Any CPU
		{D2A08E11-EAD0-4486-BE96-D9AFD1257E7A}.Release|Any CPU.Build.0 = Release|Any CPU
		{C7B95BEB-52C9-484F-B368-C097E8889BD1}.Debug|Any CPU.ActiveCfg = Debug|Any CPU
		{C7B95BEB-52C9-484F-B368-C097E8889BD1}.Debug|Any CPU.Build.0 = Debug|Any CPU
		{C7B95BEB-52C9-484F-B368-C097E8889BD1}.Release|Any CPU.ActiveCfg = Release|Any CPU
		{C7B95BEB-52C9-484F-B368-C097E8889BD1}.Release|Any CPU.Build.0 = Release|Any CPU
		{CF43A750-4361-42CE-90D1-E8A139A96720}.Debug|Any CPU.ActiveCfg = Debug|Any CPU
		{CF43A750-4361-42CE-90D1-E8A139A96720}.Debug|Any CPU.Build.0 = Debug|Any CPU
		{CF43A750-4361-42CE-90D1-E8A139A96720}.Release|Any CPU.ActiveCfg = Release|Any CPU
		{CF43A750-4361-42CE-90D1-E8A139A96720}.Release|Any CPU.Build.0 = Release|Any CPU
	EndGlobalSection
	GlobalSection(SolutionProperties) = preSolution
		HideSolutionNode = FALSE
	EndGlobalSection
EndGlobal
