
Microsoft Visual Studio Solution File, Format Version 12.00
# Visual Studio 2012
Project("{FAE04EC0-301F-11D3-BF4B-00C04F79EFBC}") = "GDI_2", "GDI_2\GDI_2.csproj", "{97F500E3-086E-43BD-A185-3D06A1F7C453}"
EndProject
Global
	GlobalSection(SolutionConfigurationPlatforms) = preSolution
		Debug|Any CPU = Debug|Any CPU
		Release|Any CPU = Release|Any CPU
	EndGlobalSection
	GlobalSection(ProjectConfigurationPlatforms) = postSolution
		{97F500E3-086E-43BD-A185-3D06A1F7C453}.Debug|Any CPU.ActiveCfg = Debug|Any CPU
		{97F500E3-086E-43BD-A185-3D06A1F7C453}.Debug|Any CPU.Build.0 = Debug|Any CPU
		{97F500E3-086E-43BD-A185-3D06A1F7C453}.Release|Any CPU.ActiveCfg = Release|Any CPU
		{97F500E3-086E-43BD-A185-3D06A1F7C453}.Release|Any CPU.Build.0 = Release|Any CPU
	EndGlobalSection
	GlobalSection(SolutionProperties) = preSolution
		HideSolutionNode = FALSE
	EndGlobalSection
EndGlobal
